Microsoft Visual Studio Solution File, Format Version 12.00
# Visual Studio Version 17
VisualStudioVersion = 17.5.2.0
MinimumVisualStudioVersion = 10.0.40219.1
Project("{FAE04EC0-301F-11D3-BF4B-00C04F79EFBC}") = "SupportPortalAPI", "SupportPortalAPI\SupportPortalAPI.csproj", "{2266961A-0328-80CD-6B6A-0A4219EEEBCB}"
EndProject
Global
	GlobalSection(SolutionConfigurationPlatforms) = preSolution
		Debug|Any CPU = Debug|Any CPU
		Release|Any CPU = Release|Any CPU
	EndGlobalSection
	GlobalSection(ProjectConfigurationPlatforms) = postSolution
		{2266961A-0328-80CD-6B6A-0A4219EEEBCB}.Debug|Any CPU.ActiveCfg = Debug|Any CPU
		{2266961A-0328-80CD-6B6A-0A4219EEEBCB}.Debug|Any CPU.Build.0 = Debug|Any CPU
		{2266961A-0328-80CD-6B6A-0A4219EEEBCB}.Release|Any CPU.ActiveCfg = Release|Any CPU
		{2266961A-0328-80CD-6B6A-0A4219EEEBCB}.Release|Any CPU.Build.0 = Release|Any CPU
	EndGlobalSection
	GlobalSection(SolutionProperties) = preSolution
		HideSolutionNode = FALSE
	EndGlobalSection
	GlobalSection(ExtensibilityGlobals) = postSolution
		SolutionGuid = {DDEFF50D-9A66-40E0-936F-F926926031D3}
	EndGlobalSection
EndGlobal
